
Microsoft Visual Studio Solution File, Format Version 12.00
# Visual Studio Version 17
VisualStudioVersion = 17.2.32526.322
MinimumVisualStudioVersion = 10.0.40219.1
Project("{FAE04EC0-301F-11D3-BF4B-00C04F79EFBC}") = "BlocoDeNotas", "BlocoDeNotas\BlocoDeNotas.csproj", "{3E4892F5-D9EA-41D6-A421-30665629002D}"
EndProject
Global
	GlobalSection(SolutionConfigurationPlatforms) = preSolution
		Debug|Any CPU = Debug|Any CPU
		Release|Any CPU = Release|Any CPU
	EndGlobalSection
	GlobalSection(ProjectConfigurationPlatforms) = postSolution
		{3E4892F5-D9EA-41D6-A421-30665629002D}.Debug|Any CPU.ActiveCfg = Debug|Any CPU
		{3E4892F5-D9EA-41D6-A421-30665629002D}.Debug|Any CPU.Build.0 = Debug|Any CPU
		{3E4892F5-D9EA-41D6-A421-30665629002D}.Release|Any CPU.ActiveCfg = Release|Any CPU
		{3E4892F5-D9EA-41D6-A421-30665629002D}.Release|Any CPU.Build.0 = Release|Any CPU
	EndGlobalSection
	GlobalSection(SolutionProperties) = preSolution
		HideSolutionNode = FALSE
	EndGlobalSection
	GlobalSection(ExtensibilityGlobals) = postSolution
		SolutionGuid = {2A116F59-6092-46DC-B1A8-C606E47D25E8}
	EndGlobalSection
EndGlobal
